
Microsoft Visual Studio Solution File, Format Version 12.00
# Visual Studio Version 16
VisualStudioVersion = 16.0.31424.327
MinimumVisualStudioVersion = 10.0.40219.1
Project("{9A19103F-16F7-4668-BE54-9A1E7A4F7556}") = "Alerts", "Alerts\Alerts.csproj", "{E13F183F-F741-4861-AC46-18C3F25BBEF1}"
EndProject
Project("{9A19103F-16F7-4668-BE54-9A1E7A4F7556}") = "Statistics", "Statistics\Statistics.csproj", "{333320F4-AFED-4CE0-88B3-F929FB6EE0B2}"
EndProject
Project("{9A19103F-16F7-4668-BE54-9A1E7A4F7556}") = "Statistics.Test", "Statistics.Test\Statistics.Test.csproj", "{422C4062-3A9D-4F7D-AB36-1E1D5D08ACD5}"
EndProject
Project("{FAE04EC0-301F-11D3-BF4B-00C04F79EFBC}") = "Alerts.Tests", "Alerts.Tests\Alerts.Tests.csproj", "{341322C8-2A1C-47CD-A674-2224199B389B}"
EndProject
Global
	GlobalSection(SolutionConfigurationPlatforms) = preSolution
		Debug|Any CPU = Debug|Any CPU
		Release|Any CPU = Release|Any CPU
	EndGlobalSection
	GlobalSection(ProjectConfigurationPlatforms) = postSolution
		{E13F183F-F741-4861-AC46-18C3F25BBEF1}.Debug|Any CPU.ActiveCfg = Debug|Any CPU
		{E13F183F-F741-4861-AC46-18C3F25BBEF1}.Debug|Any CPU.Build.0 = Debug|Any CPU
		{E13F183F-F741-4861-AC46-18C3F25BBEF1}.Release|Any CPU.ActiveCfg = Release|Any CPU
		{E13F183F-F741-4861-AC46-18C3F25BBEF1}.Release|Any CPU.Build.0 = Release|Any CPU
		{333320F4-AFED-4CE0-88B3-F929FB6EE0B2}.Debug|Any CPU.ActiveCfg = Debug|Any CPU
		{333320F4-AFED-4CE0-88B3-F929FB6EE0B2}.Debug|Any CPU.Build.0 = Debug|Any CPU
		{333320F4-AFED-4CE0-88B3-F929FB6EE0B2}.Release|Any CPU.ActiveCfg = Release|Any CPU
		{333320F4-AFED-4CE0-88B3-F929FB6EE0B2}.Release|Any CPU.Build.0 = Release|Any CPU
		{422C4062-3A9D-4F7D-AB36-1E1D5D08ACD5}.Debug|Any CPU.ActiveCfg = Debug|Any CPU
		{422C4062-3A9D-4F7D-AB36-1E1D5D08ACD5}.Debug|Any CPU.Build.0 = Debug|Any CPU
		{422C4062-3A9D-4F7D-AB36-1E1D5D08ACD5}.Release|Any CPU.ActiveCfg = Release|Any CPU
		{422C4062-3A9D-4F7D-AB36-1E1D5D08ACD5}.Release|Any CPU.Build.0 = Release|Any CPU
		{341322C8-2A1C-47CD-A674-2224199B389B}.Debug|Any CPU.ActiveCfg = Debug|Any CPU
		{341322C8-2A1C-47CD-A674-2224199B389B}.Debug|Any CPU.Build.0 = Debug|Any CPU
		{341322C8-2A1C-47CD-A674-2224199B389B}.Release|Any CPU.ActiveCfg = Release|Any CPU
		{341322C8-2A1C-47CD-A674-2224199B389B}.Release|Any CPU.Build.0 = Release|Any CPU
	EndGlobalSection
	GlobalSection(SolutionProperties) = preSolution
		HideSolutionNode = FALSE
	EndGlobalSection
	GlobalSection(ExtensibilityGlobals) = postSolution
		SolutionGuid = {9CD795F8-C01C-4CE9-9272-36315E7FCB4A}
	EndGlobalSection
EndGlobal
